// !$*UTF8*$!
{
	archiveVersion = 1;
	classes = {
	};
	objectVersion = 48;
	objects = {

/* Begin PBXBuildFile section */
		18BD9F131F97C57A0059D36F /* AppDelegate.swift in Sources */ = {isa = PBXBuildFile; fileRef = 18BD9F121F97C57A0059D36F /* AppDelegate.swift */; };
		18BD9F151F97C57A0059D36F /* ViewController.swift in Sources */ = {isa = PBXBuildFile; fileRef = 18BD9F141F97C57A0059D36F /* ViewController.swift */; };
		18BD9F181F97C57A0059D36F /* Main.storyboard in Resources */ = {isa = PBXBuildFile; fileRef = 18BD9F161F97C57A0059D36F /* Main.storyboard */; };
		18BD9F1A1F97C57A0059D36F /* Assets.xcassets in Resources */ = {isa = PBXBuildFile; fileRef = 18BD9F191F97C57A0059D36F /* Assets.xcassets */; };
		18BD9F1D1F97C57A0059D36F /* LaunchScreen.storyboard in Resources */ = {isa = PBXBuildFile; fileRef = 18BD9F1B1F97C57A0059D36F /* LaunchScreen.storyboard */; };
/* End PBXBuildFile section */

/* Begin PBXFileReference section */
		18BD9F0F1F97C57A0059D36F /* WorldTracking.app */ = {isa = PBXFileReference; explicitFileType = wrapper.application; includeInIndex = 0; path = WorldTracking.app; sourceTree = BUILT_PRODUCTS_DIR; };
		18BD9F121F97C57A0059D36F /* AppDelegate.swift */ = {isa = PBXFileReference; lastKnownFileType = sourcecode.swift; path = AppDelegate.swift; sourceTree = "<group>"; };
		18BD9F141F97C57A0059D36F /* ViewController.swift */ = {isa = PBXFileReference; lastKnownFileType = sourcecode.swift; path = ViewController.swift; sourceTree = "<group>"; };
		18BD9F171F97C57A0059D36F /* Base */ = {isa = PBXFileReference; lastKnownFileType = file.storyboard; name = Base; path = Base.lproj/Main.storyboard; sourceTree = "<group>"; };
		18BD9F191F97C57A0059D36F /* Assets.xcassets */ = {isa = PBXFileReference; lastKnownFileType = folder.assetcatalog; path = Assets.xcassets; sourceTree = "<group>"; };
		18BD9F1C1F97C57A0059D36F /* Base */ = {isa = PBXFileReference; lastKnownFileType = file.storyboard; name = Base; path = Base.lproj/LaunchScreen.storyboard; sourceTree = "<group>"; };
		18BD9F1E1F97C57A0059D36F /* Info.plist */ = {isa = PBXFileReference; lastKnownFileType = text.plist.xml; path = Info.plist; sourceTree = "<group>"; };
/* End PBXFileReference section */

/* Begin PBXFrameworksBuildPhase section */
		18BD9F0C1F97C57A0059D36F /* Frameworks */ = {
			isa = PBXFrameworksBuildPhase;
			buildActionMask = 2147483647;
			files = (
			);
			runOnlyForDeploymentPostprocessing = 0;
		};
/* End PBXFrameworksBuildPhase section */

/* Begin PBXGroup section */
		18BD9F061F97C5790059D36F = {
			isa = PBXGroup;
			children = (
				18BD9F111F97C57A0059D36F /* WorldTracking */,
				18BD9F101F97C57A0059D36F /* Products */,
			);
			sourceTree = "<group>";
		};
		18BD9F101F97C57A0059D36F /* Products */ = {
			isa = PBXGroup;
			children = (
				18BD9F0F1F97C57A0059D36F /* WorldTracking.app */,
			);
			name = Products;
			sourceTree = "<group>";
		};
		18BD9F111F97C57A0059D36F /* WorldTracking */ = {
			isa = PBXGroup;
			children = (
				18BD9F121F97C57A0059D36F /* AppDelegate.swift */,
				18BD9F141F97C57A0059D36F /* ViewController.swift */,
				18BD9F161F97C57A0059D36F /* Main.storyboard */,
				18BD9F191F97C57A0059D36F /* Assets.xcassets */,
				18BD9F1B1F97C57A0059D36F /* LaunchScreen.storyboard */,
				18BD9F1E1F97C57A0059D36F /* Info.plist */,
			);
			path = WorldTracking;
			sourceTree = "<group>";
		};
/* End PBXGroup section */

/* Begin PBXNativeTarget section */
		18BD9F0E1F97C57A0059D36F /* WorldTracking */ = {
			isa = PBXNativeTarget;
			buildConfigurationList = 18BD9F211F97C57A0059D36F /* Build configuration list for PBXNativeTarget "WorldTracking" */;
			buildPhases = (
				18BD9F0B1F97C57A0059D36F /* Sources */,
				18BD9F0C1F97C57A0059D36F /* Frameworks */,
				18BD9F0D1F97C57A0059D36F /* Resources */,
			);
			buildRules = (
			);
			dependencies = (
			);
			name = WorldTracking;
			productName = WorldTracking;
			productReference = 18BD9F0F1F97C57A0059D36F /* WorldTracking.app */;
			productType = "com.apple.product-type.application";
		};
/* End PBXNativeTarget section */

/* Begin PBXProject section */
		18BD9F071F97C57A0059D36F /* Project object */ = {
			isa = PBXProject;
			attributes = {
				LastSwiftUpdateCheck = 0900;
				LastUpgradeCheck = 0900;
				ORGANIZATIONNAME = "Tewodros Wondimu";
				TargetAttributes = {
					18BD9F0E1F97C57A0059D36F = {
						CreatedOnToolsVersion = 9.0;
						ProvisioningStyle = Automatic;
					};
				};
			};
			buildConfigurationList = 18BD9F0A1F97C57A0059D36F /* Build configuration list for PBXProject "WorldTracking" */;
			compatibilityVersion = "Xcode 8.0";
			developmentRegion = en;
			hasScannedForEncodings = 0;
			knownRegions = (
				en,
				Base,
			);
			mainGroup = 18BD9F061F97C5790059D36F;
			productRefGroup = 18BD9F101F97C57A0059D36F /* Products */;
			projectDirPath = "";
			projectRoot = "";
			targets = (
				18BD9F0E1F97C57A0059D36F /* WorldTracking */,
			);
		};
/* End PBXProject section */

/* Begin PBXResourcesBuildPhase section */
		18BD9F0D1F97C57A0059D36F /* Resources */ = {
			isa = PBXResourcesBuildPhase;
			buildActionMask = 2147483647;
			files = (
				18BD9F1D1F97C57A0059D36F /* LaunchScreen.storyboard in Resources */,
				18BD9F1A1F97C57A0059D36F /* Assets.xcassets in Resources */,
				18BD9F181F97C57A0059D36F /* Main.storyboard in Resources */,
			);
			runOnlyForDeploymentPostprocessing = 0;
		};
/* End PBXResourcesBuildPhase section */

/* Begin PBXSourcesBuildPhase section */
		18BD9F0B1F97C57A0059D36F /* Sources */ = {
			isa = PBXSourcesBuildPhase;
			buildActionMask = 2147483647;
			files = (
				18BD9F151F97C57A0059D36F /* ViewController.swift in Sources */,
				18BD9F131F97C57A0059D36F /* AppDelegate.swift in Sources */,
			);
			runOnlyForDeploymentPostprocessing = 0;
		};
/* End PBXSourcesBuildPhase section */

/* Begin PBXVariantGroup section */
		18BD9F161F97C57A0059D36F /* Main.storyboard */ = {
			isa = PBXVariantGroup;
			children = (
				18BD9F171F97C57A0059D36F /* Base */,
			);
			name = Main.storyboard;
			sourceTree = "<group>";
		};
		18BD9F1B1F97C57A0059D36F /* LaunchScreen.storyboard */ = {
			isa = PBXVariantGroup;
			children = (
				18BD9F1C1F97C57A0059D36F /* Base */,
			);
			name = LaunchScreen.storyboard;
			sourceTree = "<group>";
		};
/* End PBXVariantGroup section */

/* Begin XCBuildConfiguration section */
		18BD9F1F1F97C57A0059D36F /* Debug */ = {
			isa = XCBuildConfiguration;
			buildSettings = {
				ALWAYS_SEARCH_USER_PATHS = NO;
				CLANG_ANALYZER_NONNULL = YES;
				CLANG_ANALYZER_NUMBER_OBJECT_CONVERSION = YES_AGGRESSIVE;
				CLANG_CXX_LANGUAGE_STANDARD = "gnu++14";
				CLANG_CXX_LIBRARY = "libc++";
				CLANG_ENABLE_MODULES = YES;
				CLANG_ENABLE_OBJC_ARC = YES;
				CLANG_WARN_BLOCK_CAPTURE_AUTORELEASING = YES;
				CLANG_WARN_BOOL_CONVERSION = YES;
				CLANG_WARN_COMMA = YES;
				CLANG_WARN_CONSTANT_CONVERSION = YES;
				CLANG_WARN_DIRECT_OBJC_ISA_USAGE = YES_ERROR;
				CLANG_WARN_DOCUMENTATION_COMMENTS = YES;
				CLANG_WARN_EMPTY_BODY = YES;
				CLANG_WARN_ENUM_CONVERSION = YES;
				CLANG_WARN_INFINITE_RECURSION = YES;
				CLANG_WARN_INT_CONVERSION = YES;
				CLANG_WARN_NON_LITERAL_NULL_CONVERSION = YES;
				CLANG_WARN_OBJC_LITERAL_CONVERSION = YES;
				CLANG_WARN_OBJC_ROOT_CLASS = YES_ERROR;
				CLANG_WARN_RANGE_LOOP_ANALYSIS = YES;
				CLANG_WARN_STRICT_PROTOTYPES = YES;
				CLANG_WARN_SUSPICIOUS_MOVE = YES;
				CLANG_WARN_UNGUARDED_AVAILABILITY = YES_AGGRESSIVE;
				CLANG_WARN_UNREACHABLE_CODE = YES;
				CLANG_WARN__DUPLICATE_METHOD_MATCH = YES;
				CODE_SIGN_IDENTITY = "iPhone Developer";
				COPY_PHASE_STRIP = NO;
				DEBUG_INFORMATION_FORMAT = dwarf;
				ENABLE_STRICT_OBJC_MSGSEND = YES;
				ENABLE_TESTABILITY = YES;
				GCC_C_LANGUAGE_STANDARD = gnu11;
				GCC_DYNAMIC_NO_PIC = NO;
				GCC_NO_COMMON_BLOCKS = YES;
				GCC_OPTIMIZATION_LEVEL = 0;
				GCC_PREPROCESSOR_DEFINITIONS = (
					"DEBUG=1",
					"$(inherited)",
				);
				GCC_WARN_64_TO_32_BIT_CONVERSION = YES;
				GCC_WARN_ABOUT_RETURN_TYPE = YES_ERROR;
				GCC_WARN_UNDECLARED_SELECTOR = YES;
				GCC_WARN_UNINITIALIZED_AUTOS = YES_AGGRESSIVE;
				GCC_WARN_UNUSED_FUNCTION = YES;
				GCC_WARN_UNUSED_VARIABLE = YES;
				IPHONEOS_DEPLOYMENT_TARGET = 11.0;
				MTL_ENABLE_DEBUG_INFO = YES;
				ONLY_ACTIVE_ARCH = YES;
				SDKROOT = iphoneos;
				SWIFT_ACTIVE_COMPILATION_CONDITIONS = DEBUG;
				SWIFT_OPTIMIZATION_LEVEL = "-Onone";
			};
			name = Debug;
		};
		18BD9F201F97C57A0059D36F /* Release */ = {
			isa = XCBuildConfiguration;
			buildSettings = {
				ALWAYS_SEARCH_USER_PATHS = NO;
				CLANG_ANALYZER_NONNULL = YES;
				CLANG_ANALYZER_NUMBER_OBJECT_CONVERSION = YES_AGGRESSIVE;
				CLANG_CXX_LANGUAGE_STANDARD = "gnu++14";
				CLANG_CXX_LIBRARY = "libc++";
				CLANG_ENABLE_MODULES = YES;
				CLANG_ENABLE_OBJC_ARC = YES;
				CLANG_WARN_BLOCK_CAPTURE_AUTORELEASING = YES;
				CLANG_WARN_BOOL_CONVERSION = YES;
				CLANG_WARN_COMMA = YES;
				CLANG_WARN_CONSTANT_CONVERSION = YES;
				CLANG_WARN_DIRECT_OBJC_ISA_USAGE = YES_ERROR;
				CLANG_WARN_DOCUMENTATION_COMMENTS = YES;
				CLANG_WARN_EMPTY_BODY = YES;
				CLANG_WARN_ENUM_CONVERSION = YES;
				CLANG_WARN_INFINITE_RECURSION = YES;
				CLANG_WARN_INT_CONVERSION = YES;
				CLANG_WARN_NON_LITERAL_NULL_CONVERSION = YES;
				CLANG_WARN_OBJC_LITERAL_CONVERSION = YES;
				CLANG_WARN_OBJC_ROOT_CLASS = YES_ERROR;
				CLANG_WARN_RANGE_LOOP_ANALYSIS = YES;
				CLANG_WARN_STRICT_PROTOTYPES = YES;
				CLANG_WARN_SUSPICIOUS_MOVE = YES;
				CLANG_WARN_UNGUARDED_AVAILABILITY = YES_AGGRESSIVE;
				CLANG_WARN_UNREACHABLE_CODE = YES;
				CLANG_WARN__DUPLICATE_METHOD_MATCH = YES;
				CODE_SIGN_IDENTITY = "iPhone Developer";
				COPY_PHASE_STRIP = NO;
				DEBUG_INFORMATION_FORMAT = "dwarf-with-dsym";
				ENABLE_NS_ASSERTIONS = NO;
				ENABLE_STRICT_OBJC_MSGSEND = YES;
				GCC_C_LANGUAGE_STANDARD = gnu11;
				GCC_NO_COMMON_BLOCKS = YES;
				GCC_WARN_64_TO_32_BIT_CONVERSION = YES;
				GCC_WARN_ABOUT_RETURN_TYPE = YES_ERROR;
				GCC_WARN_UNDECLARED_SELECTOR = YES;
				GCC_WARN_UNINITIALIZED_AUTOS = YES_AGGRESSIVE;
				GCC_WARN_UNUSED_FUNCTION = YES;
				GCC_WARN_UNUSED_VARIABLE = YES;
				IPHONEOS_DEPLOYMENT_TARGET = 11.0;
				MTL_ENABLE_DEBUG_INFO = NO;
				SDKROOT = iphoneos;
				SWIFT_OPTIMIZATION_LEVEL = "-Owholemodule";
				VALIDATE_PRODUCT = YES;
			};
			name = Release;
		};
		18BD9F221F97C57A0059D36F /* Debug */ = {
			isa = XCBuildConfiguration;
			buildSettings = {
				ASSETCATALOG_COMPILER_APPICON_NAME = AppIcon;
				CODE_SIGN_STYLE = Automatic;
				DEVELOPMENT_TEAM = B336RKK32A;
				INFOPLIST_FILE = WorldTracking/Info.plist;
				LD_RUNPATH_SEARCH_PATHS = "$(inherited) @executable_path/Frameworks";
				PRODUCT_BUNDLE_IDENTIFIER = com.tewodroswondimu.WorldTracking;
				PRODUCT_NAME = "$(TARGET_NAME)";
				SWIFT_VERSION = 4.0;
				TARGETED_DEVICE_FAMILY = "1,2";
			};
			name = Debug;
		};
		18BD9F231F97C57A0059D36F /* Release */ = {
			isa = XCBuildConfiguration;
			buildSettings = {
				ASSETCATALOG_COMPILER_APPICON_NAME = AppIcon;
				CODE_SIGN_STYLE = Automatic;
				DEVELOPMENT_TEAM = B336RKK32A;
				INFOPLIST_FILE = WorldTracking/Info.plist;
				LD_RUNPATH_SEARCH_PATHS = "$(inherited) @executable_path/Frameworks";
				PRODUCT_BUNDLE_IDENTIFIER = com.tewodroswondimu.WorldTracking;
				PRODUCT_NAME = "$(TARGET_NAME)";
				SWIFT_VERSION = 4.0;
				TARGETED_DEVICE_FAMILY = "1,2";
			};
			name = Release;
		};
/* End XCBuildConfiguration section */

/* Begin XCConfigurationList section */
		18BD9F0A1F97C57A0059D36F /* Build configuration list for PBXProject "WorldTracking" */ = {
			isa = XCConfigurationList;
			buildConfigurations = (
				18BD9F1F1F97C57A0059D36F /* Debug */,
				18BD9F201F97C57A0059D36F /* Release */,
			);
			defaultConfigurationIsVisible = 0;
			defaultConfigurationName = Release;
		};
		18BD9F211F97C57A0059D36F /* Build configuration list for PBXNativeTarget "WorldTracking" */ = {
			isa = XCConfigurationList;
			buildConfigurations = (
				18BD9F221F97C57A0059D36F /* Debug */,
				18BD9F231F97C57A0059D36F /* Release */,
			);
			defaultConfigurationIsVisible = 0;
			defaultConfigurationName = Release;
		};
/* End XCConfigurationList section */
	};
	rootObject = 18BD9F071F97C57A0059D36F /* Project object */;
}
